
Microsoft Visual Studio Solution File, Format Version 12.00
# Visual Studio Version 16
VisualStudioVersion = 16.0.30114.105
MinimumVisualStudioVersion = 10.0.40219.1
Project("{2150E333-8FDC-42A3-9474-1A3956D46DE8}") = "src", "src", "{687262BC-403D-4765-A22B-BE279AE126F5}"
EndProject
Project("{F2A71F9B-5D33-465A-A702-920D77279786}") = "Journal", "src\Journal\Journal.fsproj", "{E5CE4588-AB45-4197-A0D2-3B6E245C4750}"
EndProject
Project("{F2A71F9B-5D33-465A-A702-920D77279786}") = "JournalTest", "src\JournalTest\JournalTest.fsproj", "{D2DD1ECD-6436-4337-95A8-5A328804FB5C}"
EndProject
Project("{F2A71F9B-5D33-465A-A702-920D77279786}") = "WealthPulse", "src\WealthPulse\WealthPulse.fsproj", "{9DAFDF2B-D5D7-4C58-A576-EC6A0E9BD180}"
EndProject
Global
	GlobalSection(SolutionConfigurationPlatforms) = preSolution
		Debug|Any CPU = Debug|Any CPU
		Release|Any CPU = Release|Any CPU
	EndGlobalSection
	GlobalSection(SolutionProperties) = preSolution
		HideSolutionNode = FALSE
	EndGlobalSection
	GlobalSection(ProjectConfigurationPlatforms) = postSolution
		{E5CE4588-AB45-4197-A0D2-3B6E245C4750}.Debug|Any CPU.ActiveCfg = Debug|Any CPU
		{E5CE4588-AB45-4197-A0D2-3B6E245C4750}.Debug|Any CPU.Build.0 = Debug|Any CPU
		{E5CE4588-AB45-4197-A0D2-3B6E245C4750}.Release|Any CPU.ActiveCfg = Release|Any CPU
		{E5CE4588-AB45-4197-A0D2-3B6E245C4750}.Release|Any CPU.Build.0 = Release|Any CPU
		{D2DD1ECD-6436-4337-95A8-5A328804FB5C}.Debug|Any CPU.ActiveCfg = Debug|Any CPU
		{D2DD1ECD-6436-4337-95A8-5A328804FB5C}.Debug|Any CPU.Build.0 = Debug|Any CPU
		{D2DD1ECD-6436-4337-95A8-5A328804FB5C}.Release|Any CPU.ActiveCfg = Release|Any CPU
		{D2DD1ECD-6436-4337-95A8-5A328804FB5C}.Release|Any CPU.Build.0 = Release|Any CPU
		{9DAFDF2B-D5D7-4C58-A576-EC6A0E9BD180}.Debug|Any CPU.ActiveCfg = Debug|Any CPU
		{9DAFDF2B-D5D7-4C58-A576-EC6A0E9BD180}.Debug|Any CPU.Build.0 = Debug|Any CPU
		{9DAFDF2B-D5D7-4C58-A576-EC6A0E9BD180}.Release|Any CPU.ActiveCfg = Release|Any CPU
		{9DAFDF2B-D5D7-4C58-A576-EC6A0E9BD180}.Release|Any CPU.Build.0 = Release|Any CPU
	EndGlobalSection
	GlobalSection(NestedProjects) = preSolution
		{E5CE4588-AB45-4197-A0D2-3B6E245C4750} = {687262BC-403D-4765-A22B-BE279AE126F5}
		{D2DD1ECD-6436-4337-95A8-5A328804FB5C} = {687262BC-403D-4765-A22B-BE279AE126F5}
		{9DAFDF2B-D5D7-4C58-A576-EC6A0E9BD180} = {687262BC-403D-4765-A22B-BE279AE126F5}
	EndGlobalSection
EndGlobal
